lockfileVersion: '9.0'

settings:
  autoInstallPeers: true
  excludeLinksFromLockfile: false

importers:

  .:
    devDependencies:
      '@gplassard/projen-extensions':
        specifier: ^0.0.103
        version: 0.0.103
      projen:
        specifier: ^0.82.6
        version: 0.82.6(constructs@10.3.0)

packages:

  '@gplassard/projen-extensions@0.0.103':
    resolution: {integrity: sha512-9Khic/ZRruLu8z4bgaLUuUzm+bW/mTvce8CRTIbsAInlDbkviZx45gdf+ZFjvvj4uZdmpU96jLe+gXUbpA4dvw==, tarball: https://npm.pkg.github.com/download/@gplassard/projen-extensions/0.0.103/31635ee395cf492c7ab7d4302fc3e2c5a6f1e6ca}

  constructs@10.3.0:
    resolution: {integrity: sha512-vbK8i3rIb/xwZxSpTjz3SagHn1qq9BChLEfy5Hf6fB3/2eFbrwt2n9kHwQcS0CPTRBesreeAcsJfMq2229FnbQ==}
    engines: {node: '>= 16.14.0'}

  projen@0.82.6:
    resolution: {integrity: sha512-odAYFpNvR57BAYF5gLWq4d53edcsdvyJ8YjbX/0MDLLuS99gnHvQzGIj0ZeB13ahkrFv5dW+EanpcUKg5LA/Aw==}
    engines: {node: '>= 16.0.0'}
    hasBin: true
    peerDependencies:
      constructs: ^10.0.0
    bundledDependencies:
      - '@iarna/toml'
      - case
      - chalk
      - comment-json
      - conventional-changelog-config-spec
      - fast-json-patch
      - glob
      - ini
      - semver
      - shx
      - xmlbuilder2
      - yaml
      - yargs

snapshots:

  '@gplassard/projen-extensions@0.0.103':
    dependencies:
      constructs: 10.3.0
      projen: 0.82.6(constructs@10.3.0)

  constructs@10.3.0: {}

  projen@0.82.6(constructs@10.3.0):
    dependencies:
      constructs: 10.3.0
