lockfileVersion: '9.0'

settings:
  autoInstallPeers: true
  excludeLinksFromLockfile: false

importers:

  .:
    devDependencies:
      '@gplassard/projen-extensions':
        specifier: ^0.0.162
        version: 0.0.162(constructs@10.3.0)(projen@0.95.0(constructs@10.3.0))
      projen:
        specifier: ^0.95.0
        version: 0.95.0(constructs@10.3.0)

packages:

  '@gplassard/projen-extensions@0.0.162':
    resolution: {integrity: sha512-4Vb3ohn0bbYrwOrsEd2GlGC0UYpWhcWblmb1nVF/NoRBjoJCsFy50vbb46OziUL64v/rR2ZDV3tC1ZoyUYVYNQ==, tarball: https://npm.pkg.github.com/download/@gplassard/projen-extensions/0.0.162/151f9902599eac21b144737b6f59bb8827c8512d}
    peerDependencies:
      constructs: ^10.4.2
      projen: ^0.95.0

  constructs@10.3.0:
    resolution: {integrity: sha512-vbK8i3rIb/xwZxSpTjz3SagHn1qq9BChLEfy5Hf6fB3/2eFbrwt2n9kHwQcS0CPTRBesreeAcsJfMq2229FnbQ==}
    engines: {node: '>= 16.14.0'}

  projen@0.95.0:
    resolution: {integrity: sha512-Ytqk+9tVNccwGs7oD35cHEumCdHTDCSOQkpfl4Ok/hmDDFT+l2YzOPWOytL3Uh6F69wHPotRA0nXv7EyV5Gw+A==}
    engines: {node: '>= 16.0.0'}
    hasBin: true
    peerDependencies:
      constructs: ^10.0.0
    bundledDependencies:
      - '@iarna/toml'
      - case
      - chalk
      - comment-json
      - conventional-changelog-config-spec
      - fast-glob
      - fast-json-patch
      - ini
      - parse-conflict-json
      - semver
      - shx
      - xmlbuilder2
      - yaml
      - yargs

snapshots:

  '@gplassard/projen-extensions@0.0.162(constructs@10.3.0)(projen@0.95.0(constructs@10.3.0))':
    dependencies:
      constructs: 10.3.0
      projen: 0.95.0(constructs@10.3.0)

  constructs@10.3.0: {}

  projen@0.95.0(constructs@10.3.0):
    dependencies:
      constructs: 10.3.0
